// !$*UTF8*$!
{
	archiveVersion = 1;
	classes = {
	};
	objectVersion = 46;
	objects = {

/* Begin PBXBuildFile section */
		1308F4341CAB329000B5C5C1 /* ARDroneAPIFramework.h in Headers */ = {isa = PBXBuildFile; fileRef = 1308F4331CAB329000B5C5C1 /* ARDroneAPIFramework.h */; settings = {ATTRIBUTES = (Public, ); }; };
		1308F43B1CAB329000B5C5C1 /* ARDroneAPIFramework.framework in Frameworks */ = {isa = PBXBuildFile; fileRef = 1308F4301CAB329000B5C5C1 /* ARDroneAPIFramework.framework */; };
		1308F4401CAB329000B5C5C1 /* ARDroneAPIFrameworkTests.swift in Sources */ = {isa = PBXBuildFile; fileRef = 1308F43F1CAB329000B5C5C1 /* ARDroneAPIFrameworkTests.swift */; };
		1308F44B1CAB351C00B5C5C1 /* InSocket.swift in Sources */ = {isa = PBXBuildFile; fileRef = 1308F44A1CAB351C00B5C5C1 /* InSocket.swift */; };
		1308F44D1CAB36CB00B5C5C1 /* OutSocket.swift in Sources */ = {isa = PBXBuildFile; fileRef = 1308F44C1CAB36CB00B5C5C1 /* OutSocket.swift */; };
		13EE49331CAC3BC800573CEA /* DroneInstructions.swift in Sources */ = {isa = PBXBuildFile; fileRef = 13EE49321CAC3BC800573CEA /* DroneInstructions.swift */; };
		3A9640D59723C98151274C89 /* Pods_ARDroneAPIFrameworkTests.framework in Frameworks */ = {isa = PBXBuildFile; fileRef = 9DE4B1CEC2320BB3F5DC57C0 /* Pods_ARDroneAPIFrameworkTests.framework */; };
		EEE831F3C4AAB880AE91596B /* Pods_ARDroneAPIFramework.framework in Frameworks */ = {isa = PBXBuildFile; fileRef = 33A598C6B6620A19BC1478CD /* Pods_ARDroneAPIFramework.framework */; };
/* End PBXBuildFile section */

/* Begin PBXContainerItemProxy section */
		1308F43C1CAB329000B5C5C1 /* PBXContainerItemProxy */ = {
			isa = PBXContainerItemProxy;
			containerPortal = 1308F4271CAB328F00B5C5C1 /* Project object */;
			proxyType = 1;
			remoteGlobalIDString = 1308F42F1CAB329000B5C5C1;
			remoteInfo = ARDroneAPIFramework;
		};
/* End PBXContainerItemProxy section */

/* Begin PBXFileReference section */
		1308F4301CAB329000B5C5C1 /* ARDroneAPIFramework.framework */ = {isa = PBXFileReference; explicitFileType = wrapper.framework; includeInIndex = 0; path = ARDroneAPIFramework.framework; sourceTree = BUILT_PRODUCTS_DIR; };
		1308F4331CAB329000B5C5C1 /* ARDroneAPIFramework.h */ = {isa = PBXFileReference; lastKnownFileType = sourcecode.c.h; path = ARDroneAPIFramework.h; sourceTree = "<group>"; };
		1308F4351CAB329000B5C5C1 /* Info.plist */ = {isa = PBXFileReference; lastKnownFileType = text.plist.xml; path = Info.plist; sourceTree = "<group>"; };
		1308F43A1CAB329000B5C5C1 /* ARDroneAPIFrameworkTests.xctest */ = {isa = PBXFileReference; explicitFileType = wrapper.cfbundle; includeInIndex = 0; path = ARDroneAPIFrameworkTests.xctest; sourceTree = BUILT_PRODUCTS_DIR; };
		1308F43F1CAB329000B5C5C1 /* ARDroneAPIFrameworkTests.swift */ = {isa = PBXFileReference; lastKnownFileType = sourcecode.swift; path = ARDroneAPIFrameworkTests.swift; sourceTree = "<group>"; };
		1308F4411CAB329000B5C5C1 /* Info.plist */ = {isa = PBXFileReference; lastKnownFileType = text.plist.xml; path = Info.plist; sourceTree = "<group>"; };
		1308F44A1CAB351C00B5C5C1 /* InSocket.swift */ = {isa = PBXFileReference; fileEncoding = 4; lastKnownFileType = sourcecode.swift; path = InSocket.swift; sourceTree = "<group>"; };
		1308F44C1CAB36CB00B5C5C1 /* OutSocket.swift */ = {isa = PBXFileReference; fileEncoding = 4; lastKnownFileType = sourcecode.swift; path = OutSocket.swift; sourceTree = "<group>"; };
		13EE49321CAC3BC800573CEA /* DroneInstructions.swift */ = {isa = PBXFileReference; fileEncoding = 4; lastKnownFileType = sourcecode.swift; path = DroneInstructions.swift; sourceTree = "<group>"; };
		33A598C6B6620A19BC1478CD /* Pods_ARDroneAPIFramework.framework */ = {isa = PBXFileReference; explicitFileType = wrapper.framework; includeInIndex = 0; path = Pods_ARDroneAPIFramework.framework; sourceTree = BUILT_PRODUCTS_DIR; };
		4660530AF633ED3F2D39F4C3 /* Pods-ARDroneAPIFramework.release.xcconfig */ = {isa = PBXFileReference; includeInIndex = 1; lastKnownFileType = text.xcconfig; name = "Pods-ARDroneAPIFramework.release.xcconfig"; path = "Pods/Target Support Files/Pods-ARDroneAPIFramework/Pods-ARDroneAPIFramework.release.xcconfig"; sourceTree = "<group>"; };
		5EB8CFCD75AF2A0F8285914B /* Pods-ARDroneAPIFrameworkTests.debug.xcconfig */ = {isa = PBXFileReference; includeInIndex = 1; lastKnownFileType = text.xcconfig; name = "Pods-ARDroneAPIFrameworkTests.debug.xcconfig"; path = "Pods/Target Support Files/Pods-ARDroneAPIFrameworkTests/Pods-ARDroneAPIFrameworkTests.debug.xcconfig"; sourceTree = "<group>"; };
		689961AE9B784511F8E84393 /* Pods-ARDroneAPIFrameworkTests.release.xcconfig */ = {isa = PBXFileReference; includeInIndex = 1; lastKnownFileType = text.xcconfig; name = "Pods-ARDroneAPIFrameworkTests.release.xcconfig"; path = "Pods/Target Support Files/Pods-ARDroneAPIFrameworkTests/Pods-ARDroneAPIFrameworkTests.release.xcconfig"; sourceTree = "<group>"; };
		88DBB411EDF582ECC92FD787 /* Pods-ARDroneAPIFramework.debug.xcconfig */ = {isa = PBXFileReference; includeInIndex = 1; lastKnownFileType = text.xcconfig; name = "Pods-ARDroneAPIFramework.debug.xcconfig"; path = "Pods/Target Support Files/Pods-ARDroneAPIFramework/Pods-ARDroneAPIFramework.debug.xcconfig"; sourceTree = "<group>"; };
		9DE4B1CEC2320BB3F5DC57C0 /* Pods_ARDroneAPIFrameworkTests.framework */ = {isa = PBXFileReference; explicitFileType = wrapper.framework; includeInIndex = 0; path = Pods_ARDroneAPIFrameworkTests.framework; sourceTree = BUILT_PRODUCTS_DIR; };
/* End PBXFileReference section */

/* Begin PBXFrameworksBuildPhase section */
		1308F42C1CAB329000B5C5C1 /* Frameworks */ = {
			isa = PBXFrameworksBuildPhase;
			buildActionMask = 2147483647;
			files = (
				EEE831F3C4AAB880AE91596B /* Pods_ARDroneAPIFramework.framework in Frameworks */,
			);
			runOnlyForDeploymentPostprocessing = 0;
		};
		1308F4371CAB329000B5C5C1 /* Frameworks */ = {
			isa = PBXFrameworksBuildPhase;
			buildActionMask = 2147483647;
			files = (
				1308F43B1CAB329000B5C5C1 /* ARDroneAPIFramework.framework in Frameworks */,
				3A9640D59723C98151274C89 /* Pods_ARDroneAPIFrameworkTests.framework in Frameworks */,
			);
			runOnlyForDeploymentPostprocessing = 0;
		};
/* End PBXFrameworksBuildPhase section */

/* Begin PBXGroup section */
		1308F4261CAB328F00B5C5C1 = {
			isa = PBXGroup;
			children = (
				1308F4321CAB329000B5C5C1 /* ARDroneAPIFramework */,
				1308F43E1CAB329000B5C5C1 /* ARDroneAPIFrameworkTests */,
				1308F4311CAB329000B5C5C1 /* Products */,
				ED03E7431279F835BB6535B8 /* Pods */,
				38C6D8520F00C222772F8897 /* Frameworks */,
			);
			sourceTree = "<group>";
		};
		1308F4311CAB329000B5C5C1 /* Products */ = {
			isa = PBXGroup;
			children = (
				1308F4301CAB329000B5C5C1 /* ARDroneAPIFramework.framework */,
				1308F43A1CAB329000B5C5C1 /* ARDroneAPIFrameworkTests.xctest */,
			);
			name = Products;
			sourceTree = "<group>";
		};
		1308F4321CAB329000B5C5C1 /* ARDroneAPIFramework */ = {
			isa = PBXGroup;
			children = (
				1308F4331CAB329000B5C5C1 /* ARDroneAPIFramework.h */,
				1308F4351CAB329000B5C5C1 /* Info.plist */,
				1308F44A1CAB351C00B5C5C1 /* InSocket.swift */,
				1308F44C1CAB36CB00B5C5C1 /* OutSocket.swift */,
				13EE49321CAC3BC800573CEA /* DroneInstructions.swift */,
			);
			path = ARDroneAPIFramework;
			sourceTree = "<group>";
		};
		1308F43E1CAB329000B5C5C1 /* ARDroneAPIFrameworkTests */ = {
			isa = PBXGroup;
			children = (
				1308F43F1CAB329000B5C5C1 /* ARDroneAPIFrameworkTests.swift */,
				1308F4411CAB329000B5C5C1 /* Info.plist */,
			);
			path = ARDroneAPIFrameworkTests;
			sourceTree = "<group>";
		};
		38C6D8520F00C222772F8897 /* Frameworks */ = {
			isa = PBXGroup;
			children = (
				33A598C6B6620A19BC1478CD /* Pods_ARDroneAPIFramework.framework */,
				9DE4B1CEC2320BB3F5DC57C0 /* Pods_ARDroneAPIFrameworkTests.framework */,
			);
			name = Frameworks;
			sourceTree = "<group>";
		};
		ED03E7431279F835BB6535B8 /* Pods */ = {
			isa = PBXGroup;
			children = (
				88DBB411EDF582ECC92FD787 /* Pods-ARDroneAPIFramework.debug.xcconfig */,
				4660530AF633ED3F2D39F4C3 /* Pods-ARDroneAPIFramework.release.xcconfig */,
				5EB8CFCD75AF2A0F8285914B /* Pods-ARDroneAPIFrameworkTests.debug.xcconfig */,
				689961AE9B784511F8E84393 /* Pods-ARDroneAPIFrameworkTests.release.xcconfig */,
			);
			name = Pods;
			sourceTree = "<group>";
		};
/* End PBXGroup section */

/* Begin PBXHeadersBuildPhase section */
		1308F42D1CAB329000B5C5C1 /* Headers */ = {
			isa = PBXHeadersBuildPhase;
			buildActionMask = 2147483647;
			files = (
				1308F4341CAB329000B5C5C1 /* ARDroneAPIFramework.h in Headers */,
			);
			runOnlyForDeploymentPostprocessing = 0;
		};
/* End PBXHeadersBuildPhase section */

/* Begin PBXNativeTarget section */
		1308F42F1CAB329000B5C5C1 /* ARDroneAPIFramework */ = {
			isa = PBXNativeTarget;
			buildConfigurationList = 1308F4441CAB329000B5C5C1 /* Build configuration list for PBXNativeTarget "ARDroneAPIFramework" */;
			buildPhases = (
				37C818A9AF72C81AAAD2EDF8 /* Check Pods Manifest.lock */,
				1308F42B1CAB329000B5C5C1 /* Sources */,
				1308F42C1CAB329000B5C5C1 /* Frameworks */,
				1308F42D1CAB329000B5C5C1 /* Headers */,
				1308F42E1CAB329000B5C5C1 /* Resources */,
				8C139ED15763885C55BCFFB5 /* Copy Pods Resources */,
			);
			buildRules = (
			);
			dependencies = (
			);
			name = ARDroneAPIFramework;
			productName = ARDroneAPIFramework;
			productReference = 1308F4301CAB329000B5C5C1 /* ARDroneAPIFramework.framework */;
			productType = "com.apple.product-type.framework";
		};
		1308F4391CAB329000B5C5C1 /* ARDroneAPIFrameworkTests */ = {
			isa = PBXNativeTarget;
			buildConfigurationList = 1308F4471CAB329000B5C5C1 /* Build configuration list for PBXNativeTarget "ARDroneAPIFrameworkTests" */;
			buildPhases = (
				CE217376CB85058990DF87C5 /* Check Pods Manifest.lock */,
				1308F4361CAB329000B5C5C1 /* Sources */,
				1308F4371CAB329000B5C5C1 /* Frameworks */,
				1308F4381CAB329000B5C5C1 /* Resources */,
				D2C4B18076773A7F19AABEF1 /* Embed Pods Frameworks */,
				AD007E94146C158E4FE78404 /* Copy Pods Resources */,
			);
			buildRules = (
			);
			dependencies = (
				1308F43D1CAB329000B5C5C1 /* PBXTargetDependency */,
			);
			name = ARDroneAPIFrameworkTests;
			productName = ARDroneAPIFrameworkTests;
			productReference = 1308F43A1CAB329000B5C5C1 /* ARDroneAPIFrameworkTests.xctest */;
			productType = "com.apple.product-type.bundle.unit-test";
		};
/* End PBXNativeTarget section */

/* Begin PBXProject section */
		1308F4271CAB328F00B5C5C1 /* Project object */ = {
			isa = PBXProject;
			attributes = {
				LastSwiftUpdateCheck = 0730;
				LastUpgradeCheck = 0730;
				ORGANIZATIONNAME = "Mickael Goualard";
				TargetAttributes = {
					1308F42F1CAB329000B5C5C1 = {
						CreatedOnToolsVersion = 7.3;
					};
					1308F4391CAB329000B5C5C1 = {
						CreatedOnToolsVersion = 7.3;
					};
				};
			};
			buildConfigurationList = 1308F42A1CAB328F00B5C5C1 /* Build configuration list for PBXProject "ARDroneAPIFramework" */;
			compatibilityVersion = "Xcode 3.2";
			developmentRegion = English;
			hasScannedForEncodings = 0;
			knownRegions = (
				en,
			);
			mainGroup = 1308F4261CAB328F00B5C5C1;
			productRefGroup = 1308F4311CAB329000B5C5C1 /* Products */;
			projectDirPath = "";
			projectRoot = "";
			targets = (
				1308F42F1CAB329000B5C5C1 /* ARDroneAPIFramework */,
				1308F4391CAB329000B5C5C1 /* ARDroneAPIFrameworkTests */,
			);
		};
/* End PBXProject section */

/* Begin PBXResourcesBuildPhase section */
		1308F42E1CAB329000B5C5C1 /* Resources */ = {
			isa = PBXResourcesBuildPhase;
			buildActionMask = 2147483647;
			files = (
			);
			runOnlyForDeploymentPostprocessing = 0;
		};
		1308F4381CAB329000B5C5C1 /* Resources */ = {
			isa = PBXResourcesBuildPhase;
			buildActionMask = 2147483647;
			files = (
			);
			runOnlyForDeploymentPostprocessing = 0;
		};
/* End PBXResourcesBuildPhase section */

/* Begin PBXShellScriptBuildPhase section */
		37C818A9AF72C81AAAD2EDF8 /* Check Pods Manifest.lock */ = {
			isa = PBXShellScriptBuildPhase;
			buildActionMask = 2147483647;
			files = (
			);
			inputPaths = (
			);
			name = "Check Pods Manifest.lock";
			outputPaths = (
			);
			runOnlyForDeploymentPostprocessing = 0;
			shellPath = /bin/sh;
			shellScript = "diff \"${PODS_ROOT}/../Podfile.lock\" \"${PODS_ROOT}/Manifest.lock\" > /dev/null\nif [[ $? != 0 ]] ; then\n    cat << EOM\nerror: The sandbox is not in sync with the Podfile.lock. Run 'pod install' or update your CocoaPods installation.\nEOM\n    exit 1\nfi\n";
			showEnvVarsInLog = 0;
		};
		8C139ED15763885C55BCFFB5 /* Copy Pods Resources */ = {
			isa = PBXShellScriptBuildPhase;
			buildActionMask = 2147483647;
			files = (
			);
			inputPaths = (
			);
			name = "Copy Pods Resources";
			outputPaths = (
			);
			runOnlyForDeploymentPostprocessing = 0;
			shellPath = /bin/sh;
			shellScript = "\"${SRCROOT}/Pods/Target Support Files/Pods-ARDroneAPIFramework/Pods-ARDroneAPIFramework-resources.sh\"\n";
			showEnvVarsInLog = 0;
		};
		AD007E94146C158E4FE78404 /* Copy Pods Resources */ = {
			isa = PBXShellScriptBuildPhase;
			buildActionMask = 2147483647;
			files = (
			);
			inputPaths = (
			);
			name = "Copy Pods Resources";
			outputPaths = (
			);
			runOnlyForDeploymentPostprocessing = 0;
			shellPath = /bin/sh;
			shellScript = "\"${SRCROOT}/Pods/Target Support Files/Pods-ARDroneAPIFrameworkTests/Pods-ARDroneAPIFrameworkTests-resources.sh\"\n";
			showEnvVarsInLog = 0;
		};
		CE217376CB85058990DF87C5 /* Check Pods Manifest.lock */ = {
			isa = PBXShellScriptBuildPhase;
			buildActionMask = 2147483647;
			files = (
			);
			inputPaths = (
			);
			name = "Check Pods Manifest.lock";
			outputPaths = (
			);
			runOnlyForDeploymentPostprocessing = 0;
			shellPath = /bin/sh;
			shellScript = "diff \"${PODS_ROOT}/../Podfile.lock\" \"${PODS_ROOT}/Manifest.lock\" > /dev/null\nif [[ $? != 0 ]] ; then\n    cat << EOM\nerror: The sandbox is not in sync with the Podfile.lock. Run 'pod install' or update your CocoaPods installation.\nEOM\n    exit 1\nfi\n";
			showEnvVarsInLog = 0;
		};
		D2C4B18076773A7F19AABEF1 /* Embed Pods Frameworks */ = {
			isa = PBXShellScriptBuildPhase;
			buildActionMask = 2147483647;
			files = (
			);
			inputPaths = (
			);
			name = "Embed Pods Frameworks";
			outputPaths = (
			);
			runOnlyForDeploymentPostprocessing = 0;
			shellPath = /bin/sh;
			shellScript = "\"${SRCROOT}/Pods/Target Support Files/Pods-ARDroneAPIFrameworkTests/Pods-ARDroneAPIFrameworkTests-frameworks.sh\"\n";
			showEnvVarsInLog = 0;
		};
/* End PBXShellScriptBuildPhase section */

/* Begin PBXSourcesBuildPhase section */
		1308F42B1CAB329000B5C5C1 /* Sources */ = {
			isa = PBXSourcesBuildPhase;
			buildActionMask = 2147483647;
			files = (
				1308F44B1CAB351C00B5C5C1 /* InSocket.swift in Sources */,
				13EE49331CAC3BC800573CEA /* DroneInstructions.swift in Sources */,
				1308F44D1CAB36CB00B5C5C1 /* OutSocket.swift in Sources */,
			);
			runOnlyForDeploymentPostprocessing = 0;
		};
		1308F4361CAB329000B5C5C1 /* Sources */ = {
			isa = PBXSourcesBuildPhase;
			buildActionMask = 2147483647;
			files = (
				1308F4401CAB329000B5C5C1 /* ARDroneAPIFrameworkTests.swift in Sources */,
			);
			runOnlyForDeploymentPostprocessing = 0;
		};
/* End PBXSourcesBuildPhase section */

/* Begin PBXTargetDependency section */
		1308F43D1CAB329000B5C5C1 /* PBXTargetDependency */ = {
			isa = PBXTargetDependency;
			target = 1308F42F1CAB329000B5C5C1 /* ARDroneAPIFramework */;
			targetProxy = 1308F43C1CAB329000B5C5C1 /* PBXContainerItemProxy */;
		};
/* End PBXTargetDependency section */

/* Begin XCBuildConfiguration section */
		1308F4421CAB329000B5C5C1 /* Debug */ = {
			isa = XCBuildConfiguration;
			buildSettings = {
				ALWAYS_SEARCH_USER_PATHS = NO;
				CLANG_ANALYZER_NONNULL = YES;
				CLANG_CXX_LANGUAGE_STANDARD = "gnu++0x";
				CLANG_CXX_LIBRARY = "libc++";
				CLANG_ENABLE_MODULES = YES;
				CLANG_ENABLE_OBJC_ARC = YES;
				CLANG_WARN_BOOL_CONVERSION = YES;
				CLANG_WARN_CONSTANT_CONVERSION = YES;
				CLANG_WARN_DIRECT_OBJC_ISA_USAGE = YES_ERROR;
				CLANG_WARN_EMPTY_BODY = YES;
				CLANG_WARN_ENUM_CONVERSION = YES;
				CLANG_WARN_INT_CONVERSION = YES;
				CLANG_WARN_OBJC_ROOT_CLASS = YES_ERROR;
				CLANG_WARN_UNREACHABLE_CODE = YES;
				CLANG_WARN__DUPLICATE_METHOD_MATCH = YES;
				"CODE_SIGN_IDENTITY[sdk=iphoneos*]" = "iPhone Developer";
				COPY_PHASE_STRIP = NO;
				CURRENT_PROJECT_VERSION = 1;
				DEBUG_INFORMATION_FORMAT = dwarf;
				ENABLE_STRICT_OBJC_MSGSEND = YES;
				ENABLE_TESTABILITY = YES;
				GCC_C_LANGUAGE_STANDARD = gnu99;
				GCC_DYNAMIC_NO_PIC = NO;
				GCC_NO_COMMON_BLOCKS = YES;
				GCC_OPTIMIZATION_LEVEL = 0;
				GCC_PREPROCESSOR_DEFINITIONS = (
					"DEBUG=1",
					"$(inherited)",
				);
				GCC_WARN_64_TO_32_BIT_CONVERSION = YES;
				GCC_WARN_ABOUT_RETURN_TYPE = YES_ERROR;
				GCC_WARN_UNDECLARED_SELECTOR = YES;
				GCC_WARN_UNINITIALIZED_AUTOS = YES_AGGRESSIVE;
				GCC_WARN_UNUSED_FUNCTION = YES;
				GCC_WARN_UNUSED_VARIABLE = YES;
				IPHONEOS_DEPLOYMENT_TARGET = 9.3;
				MTL_ENABLE_DEBUG_INFO = YES;
				ONLY_ACTIVE_ARCH = YES;
				SDKROOT = iphoneos;
				SWIFT_OPTIMIZATION_LEVEL = "-Onone";
				TARGETED_DEVICE_FAMILY = "1,2";
				VERSIONING_SYSTEM = "apple-generic";
				VERSION_INFO_PREFIX = "";
			};
			name = Debug;
		};
		1308F4431CAB329000B5C5C1 /* Release */ = {
			isa = XCBuildConfiguration;
			buildSettings = {
				ALWAYS_SEARCH_USER_PATHS = NO;
				CLANG_ANALYZER_NONNULL = YES;
				CLANG_CXX_LANGUAGE_STANDARD = "gnu++0x";
				CLANG_CXX_LIBRARY = "libc++";
				CLANG_ENABLE_MODULES = YES;
				CLANG_ENABLE_OBJC_ARC = YES;
				CLANG_WARN_BOOL_CONVERSION = YES;
				CLANG_WARN_CONSTANT_CONVERSION = YES;
				CLANG_WARN_DIRECT_OBJC_ISA_USAGE = YES_ERROR;
				CLANG_WARN_EMPTY_BODY = YES;
				CLANG_WARN_ENUM_CONVERSION = YES;
				CLANG_WARN_INT_CONVERSION = YES;
				CLANG_WARN_OBJC_ROOT_CLASS = YES_ERROR;
				CLANG_WARN_UNREACHABLE_CODE = YES;
				CLANG_WARN__DUPLICATE_METHOD_MATCH = YES;
				"CODE_SIGN_IDENTITY[sdk=iphoneos*]" = "iPhone Developer";
				COPY_PHASE_STRIP = NO;
				CURRENT_PROJECT_VERSION = 1;
				DEBUG_INFORMATION_FORMAT = "dwarf-with-dsym";
				ENABLE_NS_ASSERTIONS = NO;
				ENABLE_STRICT_OBJC_MSGSEND = YES;
				GCC_C_LANGUAGE_STANDARD = gnu99;
				GCC_NO_COMMON_BLOCKS = YES;
				GCC_WARN_64_TO_32_BIT_CONVERSION = YES;
				GCC_WARN_ABOUT_RETURN_TYPE = YES_ERROR;
				GCC_WARN_UNDECLARED_SELECTOR = YES;
				GCC_WARN_UNINITIALIZED_AUTOS = YES_AGGRESSIVE;
				GCC_WARN_UNUSED_FUNCTION = YES;
				GCC_WARN_UNUSED_VARIABLE = YES;
				IPHONEOS_DEPLOYMENT_TARGET = 9.3;
				MTL_ENABLE_DEBUG_INFO = NO;
				SDKROOT = iphoneos;
				TARGETED_DEVICE_FAMILY = "1,2";
				VALIDATE_PRODUCT = YES;
				VERSIONING_SYSTEM = "apple-generic";
				VERSION_INFO_PREFIX = "";
			};
			name = Release;
		};
		1308F4451CAB329000B5C5C1 /* Debug */ = {
			isa = XCBuildConfiguration;
			baseConfigurationReference = 88DBB411EDF582ECC92FD787 /* Pods-ARDroneAPIFramework.debug.xcconfig */;
			buildSettings = {
				CLANG_ENABLE_MODULES = YES;
				DEFINES_MODULE = YES;
				DYLIB_COMPATIBILITY_VERSION = 1;
				DYLIB_CURRENT_VERSION = 1;
				DYLIB_INSTALL_NAME_BASE = "@rpath";
				INFOPLIST_FILE = ARDroneAPIFramework/Info.plist;
				INSTALL_PATH = "$(LOCAL_LIBRARY_DIR)/Frameworks";
				LD_RUNPATH_SEARCH_PATHS = "$(inherited) @executable_path/Frameworks @loader_path/Frameworks";
				PRODUCT_BUNDLE_IDENTIFIER = com.zebrada.ARDroneAPIFramework;
				PRODUCT_NAME = "$(TARGET_NAME)";
				SKIP_INSTALL = YES;
				SWIFT_OPTIMIZATION_LEVEL = "-Onone";
			};
			name = Debug;
		};
		1308F4461CAB329000B5C5C1 /* Release */ = {
			isa = XCBuildConfiguration;
			baseConfigurationReference = 4660530AF633ED3F2D39F4C3 /* Pods-ARDroneAPIFramework.release.xcconfig */;
			buildSettings = {
				CLANG_ENABLE_MODULES = YES;
				DEFINES_MODULE = YES;
				DYLIB_COMPATIBILITY_VERSION = 1;
				DYLIB_CURRENT_VERSION = 1;
				DYLIB_INSTALL_NAME_BASE = "@rpath";
				INFOPLIST_FILE = ARDroneAPIFramework/Info.plist;
				INSTALL_PATH = "$(LOCAL_LIBRARY_DIR)/Frameworks";
				LD_RUNPATH_SEARCH_PATHS = "$(inherited) @executable_path/Frameworks @loader_path/Frameworks";
				PRODUCT_BUNDLE_IDENTIFIER = com.zebrada.ARDroneAPIFramework;
				PRODUCT_NAME = "$(TARGET_NAME)";
				SKIP_INSTALL = YES;
			};
			name = Release;
		};
		1308F4481CAB329000B5C5C1 /* Debug */ = {
			isa = XCBuildConfiguration;
			baseConfigurationReference = 5EB8CFCD75AF2A0F8285914B /* Pods-ARDroneAPIFrameworkTests.debug.xcconfig */;
			buildSettings = {
				INFOPLIST_FILE = ARDroneAPIFrameworkTests/Info.plist;
				LD_RUNPATH_SEARCH_PATHS = "$(inherited) @executable_path/Frameworks @loader_path/Frameworks";
				PRODUCT_BUNDLE_IDENTIFIER = com.zebrada.ARDroneAPIFrameworkTests;
				PRODUCT_NAME = "$(TARGET_NAME)";
			};
			name = Debug;
		};
		1308F4491CAB329000B5C5C1 /* Release */ = {
			isa = XCBuildConfiguration;
			baseConfigurationReference = 689961AE9B784511F8E84393 /* Pods-ARDroneAPIFrameworkTests.release.xcconfig */;
			buildSettings = {
				INFOPLIST_FILE = ARDroneAPIFrameworkTests/Info.plist;
				LD_RUNPATH_SEARCH_PATHS = "$(inherited) @executable_path/Frameworks @loader_path/Frameworks";
				PRODUCT_BUNDLE_IDENTIFIER = com.zebrada.ARDroneAPIFrameworkTests;
				PRODUCT_NAME = "$(TARGET_NAME)";
			};
			name = Release;
		};
/* End XCBuildConfiguration section */

/* Begin XCConfigurationList section */
		1308F42A1CAB328F00B5C5C1 /* Build configuration list for PBXProject "ARDroneAPIFramework" */ = {
			isa = XCConfigurationList;
			buildConfigurations = (
				1308F4421CAB329000B5C5C1 /* Debug */,
				1308F4431CAB329000B5C5C1 /* Release */,
			);
			defaultConfigurationIsVisible = 0;
			defaultConfigurationName = Release;
		};
		1308F4441CAB329000B5C5C1 /* Build configuration list for PBXNativeTarget "ARDroneAPIFramework" */ = {
			isa = XCConfigurationList;
			buildConfigurations = (
				1308F4451CAB329000B5C5C1 /* Debug */,
				1308F4461CAB329000B5C5C1 /* Release */,
			);
			defaultConfigurationIsVisible = 0;
			defaultConfigurationName = Release;
		};
		1308F4471CAB329000B5C5C1 /* Build configuration list for PBXNativeTarget "ARDroneAPIFrameworkTests" */ = {
			isa = XCConfigurationList;
			buildConfigurations = (
				1308F4481CAB329000B5C5C1 /* Debug */,
				1308F4491CAB329000B5C5C1 /* Release */,
			);
			defaultConfigurationIsVisible = 0;
			defaultConfigurationName = Release;
		};
/* End XCConfigurationList section */
	};
	rootObject = 1308F4271CAB328F00B5C5C1 /* Project object */;
}
